
Microsoft Visual Studio Solution File, Format Version 12.00
# Visual Studio 2017
Project("{FAE04EC0-301F-11D3-BF4B-00C04F79EFBC}") = "KKday.API.IS4.Server", "KKday.API.IS4.Server.csproj", "{5F31B5AB-3284-430F-82C1-F094FE605DFE}"
EndProject
Global
	GlobalSection(SolutionConfigurationPlatforms) = preSolution
		Debug|Any CPU = Debug|Any CPU
		Release|Any CPU = Release|Any CPU
	EndGlobalSection
	GlobalSection(ProjectConfigurationPlatforms) = postSolution
		{5F31B5AB-3284-430F-82C1-F094FE605DFE}.Debug|Any CPU.ActiveCfg = Debug|Any CPU
		{5F31B5AB-3284-430F-82C1-F094FE605DFE}.Debug|Any CPU.Build.0 = Debug|Any CPU
		{5F31B5AB-3284-430F-82C1-F094FE605DFE}.Release|Any CPU.ActiveCfg = Release|Any CPU
		{5F31B5AB-3284-430F-82C1-F094FE605DFE}.Release|Any CPU.Build.0 = Release|Any CPU
	EndGlobalSection
EndGlobal
