
Microsoft Visual Studio Solution File, Format Version 12.00
# Visual Studio 15
Project("{FAE04EC0-301F-11D3-BF4B-00C04F79EFBC}") = "KKday.Console.B2S.Rezdy", "KKday.Console.B2S.Rezdy\KKday.Console.B2S.Rezdy.csproj", "{F5AF5155-FC36-489D-98AD-C6B81B027863}"
EndProject
Global
	GlobalSection(SolutionConfigurationPlatforms) = preSolution
		Debug|Any CPU = Debug|Any CPU
		Release|Any CPU = Release|Any CPU
	EndGlobalSection
	GlobalSection(ProjectConfigurationPlatforms) = postSolution
		{F5AF5155-FC36-489D-98AD-C6B81B027863}.Debug|Any CPU.ActiveCfg = Debug|Any CPU
		{F5AF5155-FC36-489D-98AD-C6B81B027863}.Debug|Any CPU.Build.0 = Debug|Any CPU
		{F5AF5155-FC36-489D-98AD-C6B81B027863}.Release|Any CPU.ActiveCfg = Release|Any CPU
		{F5AF5155-FC36-489D-98AD-C6B81B027863}.Release|Any CPU.Build.0 = Release|Any CPU
	EndGlobalSection
EndGlobal
