
Microsoft Visual Studio Solution File, Format Version 12.00
# Visual Studio 15
Project("{FAE04EC0-301F-11D3-BF4B-00C04F79EFBC}") = "KKday.API.WMS", "KKday.API.WMS\KKday.API.WMS.csproj", "{99848D4B-770C-4139-90D3-9D2DA25F573C}"
EndProject
Global
	GlobalSection(SolutionConfigurationPlatforms) = preSolution
		Debug|Any CPU = Debug|Any CPU
		Release|Any CPU = Release|Any CPU
	EndGlobalSection
	GlobalSection(ProjectConfigurationPlatforms) = postSolution
		{99848D4B-770C-4139-90D3-9D2DA25F573C}.Debug|Any CPU.ActiveCfg = Debug|Any CPU
		{99848D4B-770C-4139-90D3-9D2DA25F573C}.Debug|Any CPU.Build.0 = Debug|Any CPU
		{99848D4B-770C-4139-90D3-9D2DA25F573C}.Release|Any CPU.ActiveCfg = Release|Any CPU
		{99848D4B-770C-4139-90D3-9D2DA25F573C}.Release|Any CPU.Build.0 = Release|Any CPU
	EndGlobalSection
EndGlobal
