
Microsoft Visual Studio Solution File, Format Version 12.00
# Visual Studio 15
Project("{9344BDBB-3E7F-41FC-A0DD-8665D75EE146}") = "KKday.API.WMS", "KKday.API.WMS\KKday.API.WMS.csproj", "{7804C86A-AE30-4E23-9B9B-9E55EEF73154}"
EndProject
Global
	GlobalSection(SolutionConfigurationPlatforms) = preSolution
		Debug|Any CPU = Debug|Any CPU
		Release|Any CPU = Release|Any CPU
	EndGlobalSection
	GlobalSection(ProjectConfigurationPlatforms) = postSolution
		{7804C86A-AE30-4E23-9B9B-9E55EEF73154}.Debug|Any CPU.ActiveCfg = Debug|Any CPU
		{7804C86A-AE30-4E23-9B9B-9E55EEF73154}.Debug|Any CPU.Build.0 = Debug|Any CPU
		{7804C86A-AE30-4E23-9B9B-9E55EEF73154}.Release|Any CPU.ActiveCfg = Release|Any CPU
		{7804C86A-AE30-4E23-9B9B-9E55EEF73154}.Release|Any CPU.Build.0 = Release|Any CPU
	EndGlobalSection
EndGlobal
